
Microsoft Visual Studio Solution File, Format Version 12.00
# Visual Studio Version 16
VisualStudioVersion = 16.0.30406.217
MinimumVisualStudioVersion = 10.0.40219.1
Project("{FAE04EC0-301F-11D3-BF4B-00C04F79EFBC}") = "FantasyAIWars", "FantasyAIWars.csproj", "{23CB7BE5-65B1-4F39-A88B-0E60534ED5D6}"
EndProject
Global
	GlobalSection(SolutionConfigurationPlatforms) = preSolution
		Debug|Any CPU = Debug|Any CPU
		Release|Any CPU = Release|Any CPU
	EndGlobalSection
	GlobalSection(ProjectConfigurationPlatforms) = postSolution
		{23CB7BE5-65B1-4F39-A88B-0E60534ED5D6}.Debug|Any CPU.ActiveCfg = Debug|Any CPU
		{23CB7BE5-65B1-4F39-A88B-0E60534ED5D6}.Debug|Any CPU.Build.0 = Debug|Any CPU
		{23CB7BE5-65B1-4F39-A88B-0E60534ED5D6}.Release|Any CPU.ActiveCfg = Release|Any CPU
		{23CB7BE5-65B1-4F39-A88B-0E60534ED5D6}.Release|Any CPU.Build.0 = Release|Any CPU
	EndGlobalSection
	GlobalSection(SolutionProperties) = preSolution
		HideSolutionNode = FALSE
	EndGlobalSection
	GlobalSection(ExtensibilityGlobals) = postSolution
		SolutionGuid = {8AECBCA5-DC48-4C1E-A998-47E3E9FBC8A4}
	EndGlobalSection
EndGlobal
